
Microsoft Visual Studio Solution File, Format Version 12.00
# Visual Studio 2012
Project("{FAE04EC0-301F-11D3-BF4B-00C04F79EFBC}") = "TsSoft.Docx.TemplateEngine", "TsSoft.Docx.TemplateEngine\TsSoft.Docx.TemplateEngine.csproj", "{4B5E0531-87D6-4EC1-864B-DA398D17E3B0}"
EndProject
Project("{FAE04EC0-301F-11D3-BF4B-00C04F79EFBC}") = "TsSoft.Docx.TemplateEngine.Test", "TsSoft.Docx.TemplateEngine.Test\TsSoft.Docx.TemplateEngine.Test.csproj", "{66F3508A-0B94-49B1-98D6-7BA4E454A534}"
EndProject
Project("{2150E333-8FDC-42A3-9474-1A3956D46DE8}") = ".nuget", ".nuget", "{A3CC7161-238F-4F81-8912-037289D48FDA}"
	ProjectSection(SolutionItems) = preProject
		.nuget\NuGet.Config = .nuget\NuGet.Config
		.nuget\NuGet.exe = .nuget\NuGet.exe
		.nuget\NuGet.targets = .nuget\NuGet.targets
	EndProjectSection
EndProject
Project("{FAE04EC0-301F-11D3-BF4B-00C04F79EFBC}") = "TsSoft.Docx.TemplateEngine.Demo", "TsSoft.Docx.TemplateEngine.Demo\TsSoft.Docx.TemplateEngine.Demo.csproj", "{FA80B767-DBB9-4126-B439-0EA07E9416B8}"
EndProject
Global
	GlobalSection(SolutionConfigurationPlatforms) = preSolution
		Debug|Any CPU = Debug|Any CPU
		Release|Any CPU = Release|Any CPU
	EndGlobalSection
	GlobalSection(ProjectConfigurationPlatforms) = postSolution
		{4B5E0531-87D6-4EC1-864B-DA398D17E3B0}.Debug|Any CPU.ActiveCfg = Debug|Any CPU
		{4B5E0531-87D6-4EC1-864B-DA398D17E3B0}.Debug|Any CPU.Build.0 = Debug|Any CPU
		{4B5E0531-87D6-4EC1-864B-DA398D17E3B0}.Release|Any CPU.ActiveCfg = Release|Any CPU
		{4B5E0531-87D6-4EC1-864B-DA398D17E3B0}.Release|Any CPU.Build.0 = Release|Any CPU
		{66F3508A-0B94-49B1-98D6-7BA4E454A534}.Debug|Any CPU.ActiveCfg = Debug|Any CPU
		{66F3508A-0B94-49B1-98D6-7BA4E454A534}.Debug|Any CPU.Build.0 = Debug|Any CPU
		{66F3508A-0B94-49B1-98D6-7BA4E454A534}.Release|Any CPU.ActiveCfg = Release|Any CPU
		{66F3508A-0B94-49B1-98D6-7BA4E454A534}.Release|Any CPU.Build.0 = Release|Any CPU
		{FA80B767-DBB9-4126-B439-0EA07E9416B8}.Debug|Any CPU.ActiveCfg = Debug|Any CPU
		{FA80B767-DBB9-4126-B439-0EA07E9416B8}.Debug|Any CPU.Build.0 = Debug|Any CPU
		{FA80B767-DBB9-4126-B439-0EA07E9416B8}.Release|Any CPU.ActiveCfg = Release|Any CPU
		{FA80B767-DBB9-4126-B439-0EA07E9416B8}.Release|Any CPU.Build.0 = Release|Any CPU
	EndGlobalSection
	GlobalSection(SolutionProperties) = preSolution
		HideSolutionNode = FALSE
	EndGlobalSection
EndGlobal
